// !$*UTF8*$!
{
	archiveVersion = 1;
	classes = {
	};
	objectVersion = 56;
	objects = {

/* Begin PBXBuildFile section */
		290BC2002BA109EF00D2DE59 /* ViewModelExampleApp.swift in Sources */ = {isa = PBXBuildFile; fileRef = 290BC1FF2BA109EF00D2DE59 /* ViewModelExampleApp.swift */; };
		290BC2022BA109EF00D2DE59 /* ContentView.swift in Sources */ = {isa = PBXBuildFile; fileRef = 290BC2012BA109EF00D2DE59 /* ContentView.swift */; };
		290BC2042BA109F000D2DE59 /* Assets.xcassets in Resources */ = {isa = PBXBuildFile; fileRef = 290BC2032BA109F000D2DE59 /* Assets.xcassets */; };
		290BC2072BA109F000D2DE59 /* Preview Assets.xcassets in Resources */ = {isa = PBXBuildFile; fileRef = 290BC2062BA109F000D2DE59 /* Preview Assets.xcassets */; };
		290BC2112BA109F000D2DE59 /* ViewModelExampleTests.swift in Sources */ = {isa = PBXBuildFile; fileRef = 290BC2102BA109F000D2DE59 /* ViewModelExampleTests.swift */; };
/* End PBXBuildFile section */

/* Begin PBXContainerItemProxy section */
		290BC20D2BA109F000D2DE59 /* PBXContainerItemProxy */ = {
			isa = PBXContainerItemProxy;
			containerPortal = 290BC1F42BA109EF00D2DE59 /* Project object */;
			proxyType = 1;
			remoteGlobalIDString = 290BC1FB2BA109EF00D2DE59;
			remoteInfo = ViewModelExample;
		};
/* End PBXContainerItemProxy section */

/* Begin PBXFileReference section */
		290BC1FC2BA109EF00D2DE59 /* ViewModelExample.app */ = {isa = PBXFileReference; explicitFileType = wrapper.application; includeInIndex = 0; path = ViewModelExample.app; sourceTree = BUILT_PRODUCTS_DIR; };
		290BC1FF2BA109EF00D2DE59 /* ViewModelExampleApp.swift */ = {isa = PBXFileReference; lastKnownFileType = sourcecode.swift; path = ViewModelExampleApp.swift; sourceTree = "<group>"; };
		290BC2012BA109EF00D2DE59 /* ContentView.swift */ = {isa = PBXFileReference; lastKnownFileType = sourcecode.swift; path = ContentView.swift; sourceTree = "<group>"; };
		290BC2032BA109F000D2DE59 /* Assets.xcassets */ = {isa = PBXFileReference; lastKnownFileType = folder.assetcatalog; path = Assets.xcassets; sourceTree = "<group>"; };
		290BC2062BA109F000D2DE59 /* Preview Assets.xcassets */ = {isa = PBXFileReference; lastKnownFileType = folder.assetcatalog; path = "Preview Assets.xcassets"; sourceTree = "<group>"; };
		290BC20C2BA109F000D2DE59 /* ViewModelExampleTests.xctest */ = {isa = PBXFileReference; explicitFileType = wrapper.cfbundle; includeInIndex = 0; path = ViewModelExampleTests.xctest; sourceTree = BUILT_PRODUCTS_DIR; };
		290BC2102BA109F000D2DE59 /* ViewModelExampleTests.swift */ = {isa = PBXFileReference; lastKnownFileType = sourcecode.swift; path = ViewModelExampleTests.swift; sourceTree = "<group>"; };
/* End PBXFileReference section */

/* Begin PBXFrameworksBuildPhase section */
		290BC1F92BA109EF00D2DE59 /* Frameworks */ = {
			isa = PBXFrameworksBuildPhase;
			buildActionMask = 2147483647;
			files = (
			);
			runOnlyForDeploymentPostprocessing = 0;
		};
		290BC2092BA109F000D2DE59 /* Frameworks */ = {
			isa = PBXFrameworksBuildPhase;
			buildActionMask = 2147483647;
			files = (
			);
			runOnlyForDeploymentPostprocessing = 0;
		};
/* End PBXFrameworksBuildPhase section */

/* Begin PBXGroup section */
		290BC1F32BA109EF00D2DE59 = {
			isa = PBXGroup;
			children = (
				290BC1FE2BA109EF00D2DE59 /* ViewModelExample */,
				290BC20F2BA109F000D2DE59 /* ViewModelExampleTests */,
				290BC1FD2BA109EF00D2DE59 /* Products */,
			);
			sourceTree = "<group>";
		};
		290BC1FD2BA109EF00D2DE59 /* Products */ = {
			isa = PBXGroup;
			children = (
				290BC1FC2BA109EF00D2DE59 /* ViewModelExample.app */,
				290BC20C2BA109F000D2DE59 /* ViewModelExampleTests.xctest */,
			);
			name = Products;
			sourceTree = "<group>";
		};
		290BC1FE2BA109EF00D2DE59 /* ViewModelExample */ = {
			isa = PBXGroup;
			children = (
				290BC1FF2BA109EF00D2DE59 /* ViewModelExampleApp.swift */,
				290BC2012BA109EF00D2DE59 /* ContentView.swift */,
				290BC2032BA109F000D2DE59 /* Assets.xcassets */,
				290BC2052BA109F000D2DE59 /* Preview Content */,
			);
			path = ViewModelExample;
			sourceTree = "<group>";
		};
		290BC2052BA109F000D2DE59 /* Preview Content */ = {
			isa = PBXGroup;
			children = (
				290BC2062BA109F000D2DE59 /* Preview Assets.xcassets */,
			);
			path = "Preview Content";
			sourceTree = "<group>";
		};
		290BC20F2BA109F000D2DE59 /* ViewModelExampleTests */ = {
			isa = PBXGroup;
			children = (
				290BC2102BA109F000D2DE59 /* ViewModelExampleTests.swift */,
			);
			path = ViewModelExampleTests;
			sourceTree = "<group>";
		};
/* End PBXGroup section */

/* Begin PBXNativeTarget section */
		290BC1FB2BA109EF00D2DE59 /* ViewModelExample */ = {
			isa = PBXNativeTarget;
			buildConfigurationList = 290BC2202BA109F000D2DE59 /* Build configuration list for PBXNativeTarget "ViewModelExample" */;
			buildPhases = (
				290BC1F82BA109EF00D2DE59 /* Sources */,
				290BC1F92BA109EF00D2DE59 /* Frameworks */,
				290BC1FA2BA109EF00D2DE59 /* Resources */,
			);
			buildRules = (
			);
			dependencies = (
			);
			name = ViewModelExample;
			productName = ViewModelExample;
			productReference = 290BC1FC2BA109EF00D2DE59 /* ViewModelExample.app */;
			productType = "com.apple.product-type.application";
		};
		290BC20B2BA109F000D2DE59 /* ViewModelExampleTests */ = {
			isa = PBXNativeTarget;
			buildConfigurationList = 290BC2232BA109F000D2DE59 /* Build configuration list for PBXNativeTarget "ViewModelExampleTests" */;
			buildPhases = (
				290BC2082BA109F000D2DE59 /* Sources */,
				290BC2092BA109F000D2DE59 /* Frameworks */,
				290BC20A2BA109F000D2DE59 /* Resources */,
			);
			buildRules = (
			);
			dependencies = (
				290BC20E2BA109F000D2DE59 /* PBXTargetDependency */,
			);
			name = ViewModelExampleTests;
			productName = ViewModelExampleTests;
			productReference = 290BC20C2BA109F000D2DE59 /* ViewModelExampleTests.xctest */;
			productType = "com.apple.product-type.bundle.unit-test";
		};
/* End PBXNativeTarget section */

/* Begin PBXProject section */
		290BC1F42BA109EF00D2DE59 /* Project object */ = {
			isa = PBXProject;
			attributes = {
				BuildIndependentTargetsInParallel = 1;
				LastSwiftUpdateCheck = 1530;
				LastUpgradeCheck = 1530;
				TargetAttributes = {
					290BC1FB2BA109EF00D2DE59 = {
						CreatedOnToolsVersion = 15.3;
					};
					290BC20B2BA109F000D2DE59 = {
						CreatedOnToolsVersion = 15.3;
						TestTargetID = 290BC1FB2BA109EF00D2DE59;
					};
				};
			};
			buildConfigurationList = 290BC1F72BA109EF00D2DE59 /* Build configuration list for PBXProject "ViewModelExample" */;
			compatibilityVersion = "Xcode 14.0";
			developmentRegion = en;
			hasScannedForEncodings = 0;
			knownRegions = (
				en,
				Base,
			);
			mainGroup = 290BC1F32BA109EF00D2DE59;
			productRefGroup = 290BC1FD2BA109EF00D2DE59 /* Products */;
			projectDirPath = "";
			projectRoot = "";
			targets = (
				290BC1FB2BA109EF00D2DE59 /* ViewModelExample */,
				290BC20B2BA109F000D2DE59 /* ViewModelExampleTests */,
			);
		};
/* End PBXProject section */

/* Begin PBXResourcesBuildPhase section */
		290BC1FA2BA109EF00D2DE59 /* Resources */ = {
			isa = PBXResourcesBuildPhase;
			buildActionMask = 2147483647;
			files = (
				290BC2072BA109F000D2DE59 /* Preview Assets.xcassets in Resources */,
				290BC2042BA109F000D2DE59 /* Assets.xcassets in Resources */,
			);
			runOnlyForDeploymentPostprocessing = 0;
		};
		290BC20A2BA109F000D2DE59 /* Resources */ = {
			isa = PBXResourcesBuildPhase;
			buildActionMask = 2147483647;
			files = (
			);
			runOnlyForDeploymentPostprocessing = 0;
		};
/* End PBXResourcesBuildPhase section */

/* Begin PBXSourcesBuildPhase section */
		290BC1F82BA109EF00D2DE59 /* Sources */ = {
			isa = PBXSourcesBuildPhase;
			buildActionMask = 2147483647;
			files = (
				290BC2022BA109EF00D2DE59 /* ContentView.swift in Sources */,
				290BC2002BA109EF00D2DE59 /* ViewModelExampleApp.swift in Sources */,
			);
			runOnlyForDeploymentPostprocessing = 0;
		};
		290BC2082BA109F000D2DE59 /* Sources */ = {
			isa = PBXSourcesBuildPhase;
			buildActionMask = 2147483647;
			files = (
				290BC2112BA109F000D2DE59 /* ViewModelExampleTests.swift in Sources */,
			);
			runOnlyForDeploymentPostprocessing = 0;
		};
/* End PBXSourcesBuildPhase section */

/* Begin PBXTargetDependency section */
		290BC20E2BA109F000D2DE59 /* PBXTargetDependency */ = {
			isa = PBXTargetDependency;
			target = 290BC1FB2BA109EF00D2DE59 /* ViewModelExample */;
			targetProxy = 290BC20D2BA109F000D2DE59 /* PBXContainerItemProxy */;
		};
/* End PBXTargetDependency section */

/* Begin XCBuildConfiguration section */
		290BC21E2BA109F000D2DE59 /* Debug */ = {
			isa = XCBuildConfiguration;
			buildSettings = {
				ALWAYS_SEARCH_USER_PATHS = NO;
				ASSETCATALOG_COMPILER_GENERATE_SWIFT_ASSET_SYMBOL_EXTENSIONS = YES;
				CLANG_ANALYZER_NONNULL = YES;
				CLANG_ANALYZER_NUMBER_OBJECT_CONVERSION = YES_AGGRESSIVE;
				CLANG_CXX_LANGUAGE_STANDARD = "gnu++20";
				CLANG_ENABLE_MODULES = YES;
				CLANG_ENABLE_OBJC_ARC = YES;
				CLANG_ENABLE_OBJC_WEAK = YES;
				CLANG_WARN_BLOCK_CAPTURE_AUTORELEASING = YES;
				CLANG_WARN_BOOL_CONVERSION = YES;
				CLANG_WARN_COMMA = YES;
				CLANG_WARN_CONSTANT_CONVERSION = YES;
				CLANG_WARN_DEPRECATED_OBJC_IMPLEMENTATIONS = YES;
				CLANG_WARN_DIRECT_OBJC_ISA_USAGE = YES_ERROR;
				CLANG_WARN_DOCUMENTATION_COMMENTS = YES;
				CLANG_WARN_EMPTY_BODY = YES;
				CLANG_WARN_ENUM_CONVERSION = YES;
				CLANG_WARN_INFINITE_RECURSION = YES;
				CLANG_WARN_INT_CONVERSION = YES;
				CLANG_WARN_NON_LITERAL_NULL_CONVERSION = YES;
				CLANG_WARN_OBJC_IMPLICIT_RETAIN_SELF = YES;
				CLANG_WARN_OBJC_LITERAL_CONVERSION = YES;
				CLANG_WARN_OBJC_ROOT_CLASS = YES_ERROR;
				CLANG_WARN_QUOTED_INCLUDE_IN_FRAMEWORK_HEADER = YES;
				CLANG_WARN_RANGE_LOOP_ANALYSIS = YES;
				CLANG_WARN_STRICT_PROTOTYPES = YES;
				CLANG_WARN_SUSPICIOUS_MOVE = YES;
				CLANG_WARN_UNGUARDED_AVAILABILITY = YES_AGGRESSIVE;
				CLANG_WARN_UNREACHABLE_CODE = YES;
				CLANG_WARN__DUPLICATE_METHOD_MATCH = YES;
				COPY_PHASE_STRIP = NO;
				DEBUG_INFORMATION_FORMAT = dwarf;
				ENABLE_STRICT_OBJC_MSGSEND = YES;
				ENABLE_TESTABILITY = YES;
				ENABLE_USER_SCRIPT_SANDBOXING = YES;
				GCC_C_LANGUAGE_STANDARD = gnu17;
				GCC_DYNAMIC_NO_PIC = NO;
				GCC_NO_COMMON_BLOCKS = YES;
				GCC_OPTIMIZATION_LEVEL = 0;
				GCC_PREPROCESSOR_DEFINITIONS = (
					"DEBUG=1",
					"$(inherited)",
				);
				GCC_WARN_64_TO_32_BIT_CONVERSION = YES;
				GCC_WARN_ABOUT_RETURN_TYPE = YES_ERROR;
				GCC_WARN_UNDECLARED_SELECTOR = YES;
				GCC_WARN_UNINITIALIZED_AUTOS = YES_AGGRESSIVE;
				GCC_WARN_UNUSED_FUNCTION = YES;
				GCC_WARN_UNUSED_VARIABLE = YES;
				IPHONEOS_DEPLOYMENT_TARGET = 17.4;
				LOCALIZATION_PREFERS_STRING_CATALOGS = YES;
				MTL_ENABLE_DEBUG_INFO = INCLUDE_SOURCE;
				MTL_FAST_MATH = YES;
				ONLY_ACTIVE_ARCH = YES;
				SDKROOT = iphoneos;
				SWIFT_ACTIVE_COMPILATION_CONDITIONS = "DEBUG $(inherited)";
				SWIFT_OPTIMIZATION_LEVEL = "-Onone";
			};
			name = Debug;
		};
		290BC21F2BA109F000D2DE59 /* Release */ = {
			isa = XCBuildConfiguration;
			buildSettings = {
				ALWAYS_SEARCH_USER_PATHS = NO;
				ASSETCATALOG_COMPILER_GENERATE_SWIFT_ASSET_SYMBOL_EXTENSIONS = YES;
				CLANG_ANALYZER_NONNULL = YES;
				CLANG_ANALYZER_NUMBER_OBJECT_CONVERSION = YES_AGGRESSIVE;
				CLANG_CXX_LANGUAGE_STANDARD = "gnu++20";
				CLANG_ENABLE_MODULES = YES;
				CLANG_ENABLE_OBJC_ARC = YES;
				CLANG_ENABLE_OBJC_WEAK = YES;
				CLANG_WARN_BLOCK_CAPTURE_AUTORELEASING = YES;
				CLANG_WARN_BOOL_CONVERSION = YES;
				CLANG_WARN_COMMA = YES;
				CLANG_WARN_CONSTANT_CONVERSION = YES;
				CLANG_WARN_DEPRECATED_OBJC_IMPLEMENTATIONS = YES;
				CLANG_WARN_DIRECT_OBJC_ISA_USAGE = YES_ERROR;
				CLANG_WARN_DOCUMENTATION_COMMENTS = YES;
				CLANG_WARN_EMPTY_BODY = YES;
				CLANG_WARN_ENUM_CONVERSION = YES;
				CLANG_WARN_INFINITE_RECURSION = YES;
				CLANG_WARN_INT_CONVERSION = YES;
				CLANG_WARN_NON_LITERAL_NULL_CONVERSION = YES;
				CLANG_WARN_OBJC_IMPLICIT_RETAIN_SELF = YES;
				CLANG_WARN_OBJC_LITERAL_CONVERSION = YES;
				CLANG_WARN_OBJC_ROOT_CLASS = YES_ERROR;
				CLANG_WARN_QUOTED_INCLUDE_IN_FRAMEWORK_HEADER = YES;
				CLANG_WARN_RANGE_LOOP_ANALYSIS = YES;
				CLANG_WARN_STRICT_PROTOTYPES = YES;
				CLANG_WARN_SUSPICIOUS_MOVE = YES;
				CLANG_WARN_UNGUARDED_AVAILABILITY = YES_AGGRESSIVE;
				CLANG_WARN_UNREACHABLE_CODE = YES;
				CLANG_WARN__DUPLICATE_METHOD_MATCH = YES;
				COPY_PHASE_STRIP = NO;
				DEBUG_INFORMATION_FORMAT = "dwarf-with-dsym";
				ENABLE_NS_ASSERTIONS = NO;
				ENABLE_STRICT_OBJC_MSGSEND = YES;
				ENABLE_USER_SCRIPT_SANDBOXING = YES;
				GCC_C_LANGUAGE_STANDARD = gnu17;
				GCC_NO_COMMON_BLOCKS = YES;
				GCC_WARN_64_TO_32_BIT_CONVERSION = YES;
				GCC_WARN_ABOUT_RETURN_TYPE = YES_ERROR;
				GCC_WARN_UNDECLARED_SELECTOR = YES;
				GCC_WARN_UNINITIALIZED_AUTOS = YES_AGGRESSIVE;
				GCC_WARN_UNUSED_FUNCTION = YES;
				GCC_WARN_UNUSED_VARIABLE = YES;
				IPHONEOS_DEPLOYMENT_TARGET = 17.4;
				LOCALIZATION_PREFERS_STRING_CATALOGS = YES;
				MTL_ENABLE_DEBUG_INFO = NO;
				MTL_FAST_MATH = YES;
				SDKROOT = iphoneos;
				SWIFT_COMPILATION_MODE = wholemodule;
				VALIDATE_PRODUCT = YES;
			};
			name = Release;
		};
		290BC2212BA109F000D2DE59 /* Debug */ = {
			isa = XCBuildConfiguration;
			buildSettings = {
				ASSETCATALOG_COMPILER_APPICON_NAME = AppIcon;
				ASSETCATALOG_COMPILER_GLOBAL_ACCENT_COLOR_NAME = AccentColor;
				CODE_SIGN_STYLE = Automatic;
				CURRENT_PROJECT_VERSION = 1;
				DEVELOPMENT_ASSET_PATHS = "\"ViewModelExample/Preview Content\"";
				ENABLE_PREVIEWS = YES;
				GENERATE_INFOPLIST_FILE = YES;
				INFOPLIST_KEY_UIApplicationSceneManifest_Generation = YES;
				INFOPLIST_KEY_UIApplicationSupportsIndirectInputEvents = YES;
				INFOPLIST_KEY_UILaunchScreen_Generation = YES;
				INFOPLIST_KEY_UISupportedInterfaceOrientations_iPad = "UIInterfaceOrientationPortrait UIInterfaceOrientationPortraitUpsideDown UIInterfaceOrientationLandscapeLeft UIInterfaceOrientationLandscapeRight";
				INFOPLIST_KEY_UISupportedInterfaceOrientations_iPhone = "UIInterfaceOrientationPortrait UIInterfaceOrientationLandscapeLeft UIInterfaceOrientationLandscapeRight";
				LD_RUNPATH_SEARCH_PATHS = (
					"$(inherited)",
					"@executable_path/Frameworks",
				);
				MARKETING_VERSION = 1.0;
				PRODUCT_BUNDLE_IDENTIFIER = oxl.ViewModelExample;
				PRODUCT_NAME = "$(TARGET_NAME)";
				SWIFT_EMIT_LOC_STRINGS = YES;
				SWIFT_VERSION = 5.0;
				TARGETED_DEVICE_FAMILY = "1,2";
			};
			name = Debug;
		};
		290BC2222BA109F000D2DE59 /* Release */ = {
			isa = XCBuildConfiguration;
			buildSettings = {
				ASSETCATALOG_COMPILER_APPICON_NAME = AppIcon;
				ASSETCATALOG_COMPILER_GLOBAL_ACCENT_COLOR_NAME = AccentColor;
				CODE_SIGN_STYLE = Automatic;
				CURRENT_PROJECT_VERSION = 1;
				DEVELOPMENT_ASSET_PATHS = "\"ViewModelExample/Preview Content\"";
				ENABLE_PREVIEWS = YES;
				GENERATE_INFOPLIST_FILE = YES;
				INFOPLIST_KEY_UIApplicationSceneManifest_Generation = YES;
				INFOPLIST_KEY_UIApplicationSupportsIndirectInputEvents = YES;
				INFOPLIST_KEY_UILaunchScreen_Generation = YES;
				INFOPLIST_KEY_UISupportedInterfaceOrientations_iPad = "UIInterfaceOrientationPortrait UIInterfaceOrientationPortraitUpsideDown UIInterfaceOrientationLandscapeLeft UIInterfaceOrientationLandscapeRight";
				INFOPLIST_KEY_UISupportedInterfaceOrientations_iPhone = "UIInterfaceOrientationPortrait UIInterfaceOrientationLandscapeLeft UIInterfaceOrientationLandscapeRight";
				LD_RUNPATH_SEARCH_PATHS = (
					"$(inherited)",
					"@executable_path/Frameworks",
				);
				MARKETING_VERSION = 1.0;
				PRODUCT_BUNDLE_IDENTIFIER = oxl.ViewModelExample;
				PRODUCT_NAME = "$(TARGET_NAME)";
				SWIFT_EMIT_LOC_STRINGS = YES;
				SWIFT_VERSION = 5.0;
				TARGETED_DEVICE_FAMILY = "1,2";
			};
			name = Release;
		};
		290BC2242BA109F000D2DE59 /* Debug */ = {
			isa = XCBuildConfiguration;
			buildSettings = {
				ALWAYS_EMBED_SWIFT_STANDARD_LIBRARIES = YES;
				BUNDLE_LOADER = "$(TEST_HOST)";
				CODE_SIGN_STYLE = Automatic;
				CURRENT_PROJECT_VERSION = 1;
				GENERATE_INFOPLIST_FILE = YES;
				IPHONEOS_DEPLOYMENT_TARGET = 17.4;
				MARKETING_VERSION = 1.0;
				PRODUCT_BUNDLE_IDENTIFIER = oxl.ViewModelExampleTests;
				PRODUCT_NAME = "$(TARGET_NAME)";
				SWIFT_EMIT_LOC_STRINGS = NO;
				SWIFT_VERSION = 5.0;
				TARGETED_DEVICE_FAMILY = "1,2";
				TEST_HOST = "$(BUILT_PRODUCTS_DIR)/ViewModelExample.app/$(BUNDLE_EXECUTABLE_FOLDER_PATH)/ViewModelExample";
			};
			name = Debug;
		};
		290BC2252BA109F000D2DE59 /* Release */ = {
			isa = XCBuildConfiguration;
			buildSettings = {
				ALWAYS_EMBED_SWIFT_STANDARD_LIBRARIES = YES;
				BUNDLE_LOADER = "$(TEST_HOST)";
				CODE_SIGN_STYLE = Automatic;
				CURRENT_PROJECT_VERSION = 1;
				GENERATE_INFOPLIST_FILE = YES;
				IPHONEOS_DEPLOYMENT_TARGET = 17.4;
				MARKETING_VERSION = 1.0;
				PRODUCT_BUNDLE_IDENTIFIER = oxl.ViewModelExampleTests;
				PRODUCT_NAME = "$(TARGET_NAME)";
				SWIFT_EMIT_LOC_STRINGS = NO;
				SWIFT_VERSION = 5.0;
				TARGETED_DEVICE_FAMILY = "1,2";
				TEST_HOST = "$(BUILT_PRODUCTS_DIR)/ViewModelExample.app/$(BUNDLE_EXECUTABLE_FOLDER_PATH)/ViewModelExample";
			};
			name = Release;
		};
/* End XCBuildConfiguration section */

/* Begin XCConfigurationList section */
		290BC1F72BA109EF00D2DE59 /* Build configuration list for PBXProject "ViewModelExample" */ = {
			isa = XCConfigurationList;
			buildConfigurations = (
				290BC21E2BA109F000D2DE59 /* Debug */,
				290BC21F2BA109F000D2DE59 /* Release */,
			);
			defaultConfigurationIsVisible = 0;
			defaultConfigurationName = Release;
		};
		290BC2202BA109F000D2DE59 /* Build configuration list for PBXNativeTarget "ViewModelExample" */ = {
			isa = XCConfigurationList;
			buildConfigurations = (
				290BC2212BA109F000D2DE59 /* Debug */,
				290BC2222BA109F000D2DE59 /* Release */,
			);
			defaultConfigurationIsVisible = 0;
			defaultConfigurationName = Release;
		};
		290BC2232BA109F000D2DE59 /* Build configuration list for PBXNativeTarget "ViewModelExampleTests" */ = {
			isa = XCConfigurationList;
			buildConfigurations = (
				290BC2242BA109F000D2DE59 /* Debug */,
				290BC2252BA109F000D2DE59 /* Release */,
			);
			defaultConfigurationIsVisible = 0;
			defaultConfigurationName = Release;
		};
/* End XCConfigurationList section */
	};
	rootObject = 290BC1F42BA109EF00D2DE59 /* Project object */;
}
